Microsoft Visual Studio Solution File, Format Version 12.00
# Visual Studio Version 17
VisualStudioVersion = 17.8.34525.116
MinimumVisualStudioVersion = 10.0.40219.1
Project("{FAE04EC0-301F-11D3-BF4B-00C04F79EFBC}") = "McdaToolkit", "src\McdaToolkit\McdaToolkit.csproj", "{EC2ACBF0-59C4-4B03-B9AD-54E31E69A791}"
EndProject
Project("{FAE04EC0-301F-11D3-BF4B-00C04F79EFBC}") = "McdaToolkit.UnitTests", "tests\McdaToolkit.UnitTests\McdaToolkit.UnitTests.csproj", "{C16A9430-0ABA-44D5-B9D2-256DEA133D38}"
EndProject
Global
	GlobalSection(SolutionConfigurationPlatforms) = preSolution
		Debug|Any CPU = Debug|Any CPU
		Release|Any CPU = Release|Any CPU
	EndGlobalSection
	GlobalSection(ProjectConfigurationPlatforms) = postSolution
		{EC2ACBF0-59C4-4B03-B9AD-54E31E69A791}.Debug|Any CPU.ActiveCfg = Debug|Any CPU
		{EC2ACBF0-59C4-4B03-B9AD-54E31E69A791}.Debug|Any CPU.Build.0 = Debug|Any CPU
		{EC2ACBF0-59C4-4B03-B9AD-54E31E69A791}.Release|Any CPU.ActiveCfg = Release|Any CPU
		{EC2ACBF0-59C4-4B03-B9AD-54E31E69A791}.Release|Any CPU.Build.0 = Release|Any CPU
		{C16A9430-0ABA-44D5-B9D2-256DEA133D38}.Debug|Any CPU.ActiveCfg = Debug|Any CPU
		{C16A9430-0ABA-44D5-B9D2-256DEA133D38}.Debug|Any CPU.Build.0 = Debug|Any CPU
		{C16A9430-0ABA-44D5-B9D2-256DEA133D38}.Release|Any CPU.ActiveCfg = Release|Any CPU
		{C16A9430-0ABA-44D5-B9D2-256DEA133D38}.Release|Any CPU.Build.0 = Release|Any CPU
	EndGlobalSection
	GlobalSection(SolutionProperties) = preSolution
		HideSolutionNode = FALSE
	EndGlobalSection
	GlobalSection(ExtensibilityGlobals) = postSolution
		SolutionGuid = {70E9A8D0-E66C-4B56-9687-780EEBFCE65C}
	EndGlobalSection
EndGlobal
